
Microsoft Visual Studio Solution File, Format Version 12.00
# Visual Studio Version 16
VisualStudioVersion = 16.0.29009.5
MinimumVisualStudioVersion = 10.0.40219.1
Project("{FAE04EC0-301F-11D3-BF4B-00C04F79EFBC}") = "Chess", "..\..\Users\Fly\source\repos\Chess\Chess\Chess.csproj", "{166279F3-82EA-40D2-A43A-ADB1306BBE70}"
EndProject
Project("{FAE04EC0-301F-11D3-BF4B-00C04F79EFBC}") = "DemoChessApp", "..\..\Users\Fly\source\repos\Chess\DemoChessApp\DemoChessApp.csproj", "{0CC708FE-CCC0-49A7-8A3F-26257503653E}"
EndProject
Global
	GlobalSection(SolutionConfigurationPlatforms) = preSolution
		Debug|Any CPU = Debug|Any CPU
		Release|Any CPU = Release|Any CPU
	EndGlobalSection
	GlobalSection(ProjectConfigurationPlatforms) = postSolution
		{166279F3-82EA-40D2-A43A-ADB1306BBE70}.Debug|Any CPU.ActiveCfg = Debug|Any CPU
		{166279F3-82EA-40D2-A43A-ADB1306BBE70}.Debug|Any CPU.Build.0 = Debug|Any CPU
		{166279F3-82EA-40D2-A43A-ADB1306BBE70}.Release|Any CPU.ActiveCfg = Release|Any CPU
		{166279F3-82EA-40D2-A43A-ADB1306BBE70}.Release|Any CPU.Build.0 = Release|Any CPU
		{0CC708FE-CCC0-49A7-8A3F-26257503653E}.Debug|Any CPU.ActiveCfg = Debug|Any CPU
		{0CC708FE-CCC0-49A7-8A3F-26257503653E}.Debug|Any CPU.Build.0 = Debug|Any CPU
		{0CC708FE-CCC0-49A7-8A3F-26257503653E}.Release|Any CPU.ActiveCfg = Release|Any CPU
		{0CC708FE-CCC0-49A7-8A3F-26257503653E}.Release|Any CPU.Build.0 = Release|Any CPU
	EndGlobalSection
	GlobalSection(SolutionProperties) = preSolution
		HideSolutionNode = FALSE
	EndGlobalSection
	GlobalSection(ExtensibilityGlobals) = postSolution
		SolutionGuid = {287E901E-DDC5-4F9E-A145-A823BD625DD5}
	EndGlobalSection
EndGlobal
